
Microsoft Visual Studio Solution File, Format Version 12.00
# Visual Studio Version 17
VisualStudioVersion = 17.6.33829.357
MinimumVisualStudioVersion = 10.0.40219.1
Project("{FAE04EC0-301F-11D3-BF4B-00C04F79EFBC}") = "ExchangeRateService", "ExchangeRateService\ExchangeRateService.csproj", "{D00CDF30-5FC2-4996-AA54-DFE077A844C7}"
EndProject
Global
	GlobalSection(SolutionConfigurationPlatforms) = preSolution
		Debug|Any CPU = Debug|Any CPU
		Release|Any CPU = Release|Any CPU
	EndGlobalSection
	GlobalSection(ProjectConfigurationPlatforms) = postSolution
		{D00CDF30-5FC2-4996-AA54-DFE077A844C7}.Debug|Any CPU.ActiveCfg = Debug|Any CPU
		{D00CDF30-5FC2-4996-AA54-DFE077A844C7}.Debug|Any CPU.Build.0 = Debug|Any CPU
		{D00CDF30-5FC2-4996-AA54-DFE077A844C7}.Release|Any CPU.ActiveCfg = Release|Any CPU
		{D00CDF30-5FC2-4996-AA54-DFE077A844C7}.Release|Any CPU.Build.0 = Release|Any CPU
	EndGlobalSection
	GlobalSection(SolutionProperties) = preSolution
		HideSolutionNode = FALSE
	EndGlobalSection
	GlobalSection(ExtensibilityGlobals) = postSolution
		SolutionGuid = {36C5A53D-AC8F-4920-AE27-B8BC570E6C4D}
	EndGlobalSection
EndGlobal
